
Microsoft Visual Studio Solution File, Format Version 12.00
# Visual Studio Version 16
VisualStudioVersion = 16.0.30011.22
MinimumVisualStudioVersion = 10.0.40219.1
Project("{FAE04EC0-301F-11D3-BF4B-00C04F79EFBC}") = "MainFrame", "MainFrame\MainFrame.csproj", "{222665F0-4864-41B9-A124-C721AA27D389}"
EndProject
Global
	GlobalSection(SolutionConfigurationPlatforms) = preSolution
		Debug|Any CPU = Debug|Any CPU
		Release|Any CPU = Release|Any CPU
	EndGlobalSection
	GlobalSection(ProjectConfigurationPlatforms) = postSolution
		{222665F0-4864-41B9-A124-C721AA27D389}.Debug|Any CPU.ActiveCfg = Debug|Any CPU
		{222665F0-4864-41B9-A124-C721AA27D389}.Debug|Any CPU.Build.0 = Debug|Any CPU
		{222665F0-4864-41B9-A124-C721AA27D389}.Release|Any CPU.ActiveCfg = Release|Any CPU
		{222665F0-4864-41B9-A124-C721AA27D389}.Release|Any CPU.Build.0 = Release|Any CPU
	EndGlobalSection
	GlobalSection(SolutionProperties) = preSolution
		HideSolutionNode = FALSE
	EndGlobalSection
	GlobalSection(ExtensibilityGlobals) = postSolution
		SolutionGuid = {2C12FB54-19EE-4934-A4F0-A02C6AD7CD39}
	EndGlobalSection
EndGlobal
