
Microsoft Visual Studio Solution File, Format Version 12.00
# Visual Studio Version 16
VisualStudioVersion = 16.0.29905.134
MinimumVisualStudioVersion = 10.0.40219.1
Project("{FAE04EC0-301F-11D3-BF4B-00C04F79EFBC}") = "DataGridViewerSource", "DataGridViewerSource\DataGridViewerSource.csproj", "{16489A2A-A21E-49DD-BED4-1F7ED5C3E55E}"
EndProject
Global
	GlobalSection(SolutionConfigurationPlatforms) = preSolution
		Debug|Any CPU = Debug|Any CPU
		Release|Any CPU = Release|Any CPU
	EndGlobalSection
	GlobalSection(ProjectConfigurationPlatforms) = postSolution
		{16489A2A-A21E-49DD-BED4-1F7ED5C3E55E}.Debug|Any CPU.ActiveCfg = Debug|Any CPU
		{16489A2A-A21E-49DD-BED4-1F7ED5C3E55E}.Debug|Any CPU.Build.0 = Debug|Any CPU
		{16489A2A-A21E-49DD-BED4-1F7ED5C3E55E}.Release|Any CPU.ActiveCfg = Release|Any CPU
		{16489A2A-A21E-49DD-BED4-1F7ED5C3E55E}.Release|Any CPU.Build.0 = Release|Any CPU
	EndGlobalSection
	GlobalSection(SolutionProperties) = preSolution
		HideSolutionNode = FALSE
	EndGlobalSection
	GlobalSection(ExtensibilityGlobals) = postSolution
		SolutionGuid = {1B9FE402-C32D-465D-AD0A-791A87EF622F}
	EndGlobalSection
EndGlobal
