
Microsoft Visual Studio Solution File, Format Version 12.00
# Visual Studio Version 16
VisualStudioVersion = 16.0.30011.22
MinimumVisualStudioVersion = 10.0.40219.1
Project("{FAE04EC0-301F-11D3-BF4B-00C04F79EFBC}") = "WizardTest", "WizardTest\WizardTest.csproj", "{00620495-8A72-463F-88CB-1C82AC540ABD}"
EndProject
Global
	GlobalSection(SolutionConfigurationPlatforms) = preSolution
		Debug|Any CPU = Debug|Any CPU
		Release|Any CPU = Release|Any CPU
	EndGlobalSection
	GlobalSection(ProjectConfigurationPlatforms) = postSolution
		{00620495-8A72-463F-88CB-1C82AC540ABD}.Debug|Any CPU.ActiveCfg = Debug|Any CPU
		{00620495-8A72-463F-88CB-1C82AC540ABD}.Debug|Any CPU.Build.0 = Debug|Any CPU
		{00620495-8A72-463F-88CB-1C82AC540ABD}.Release|Any CPU.ActiveCfg = Release|Any CPU
		{00620495-8A72-463F-88CB-1C82AC540ABD}.Release|Any CPU.Build.0 = Release|Any CPU
	EndGlobalSection
	GlobalSection(SolutionProperties) = preSolution
		HideSolutionNode = FALSE
	EndGlobalSection
	GlobalSection(ExtensibilityGlobals) = postSolution
		SolutionGuid = {3438B7BB-7E98-4F17-B76D-C44952ADDA83}
	EndGlobalSection
EndGlobal
